// !$*UTF8*$!
{
	archiveVersion = 1;
	classes = {
	};
	objectVersion = 46;
	objects = {

/* Begin PBXBuildFile section */
		2F94B62C1AFD544000150632 /* AppDelegate.swift in Sources */ = {isa = PBXBuildFile; fileRef = 2F94B62B1AFD544000150632 /* AppDelegate.swift */; };
		2F94B62E1AFD544000150632 /* ViewController.swift in Sources */ = {isa = PBXBuildFile; fileRef = 2F94B62D1AFD544000150632 /* ViewController.swift */; };
		2F94B6311AFD544000150632 /* Main.storyboard in Resources */ = {isa = PBXBuildFile; fileRef = 2F94B62F1AFD544000150632 /* Main.storyboard */; };
		2F94B6331AFD544000150632 /* Images.xcassets in Resources */ = {isa = PBXBuildFile; fileRef = 2F94B6321AFD544000150632 /* Images.xcassets */; };
		2F94B6361AFD544000150632 /* LaunchScreen.xib in Resources */ = {isa = PBXBuildFile; fileRef = 2F94B6341AFD544000150632 /* LaunchScreen.xib */; };
		2F94B6421AFD544000150632 /* SegueColorSampleTests.swift in Sources */ = {isa = PBXBuildFile; fileRef = 2F94B6411AFD544000150632 /* SegueColorSampleTests.swift */; };
		2F94B64C1AFD551D00150632 /* ColorViewController.swift in Sources */ = {isa = PBXBuildFile; fileRef = 2F94B64B1AFD551D00150632 /* ColorViewController.swift */; };
/* End PBXBuildFile section */

/* Begin PBXContainerItemProxy section */
		2F94B63C1AFD544000150632 /* PBXContainerItemProxy */ = {
			isa = PBXContainerItemProxy;
			containerPortal = 2F94B61E1AFD544000150632 /* Project object */;
			proxyType = 1;
			remoteGlobalIDString = 2F94B6251AFD544000150632;
			remoteInfo = SegueColorSample;
		};
/* End PBXContainerItemProxy section */

/* Begin PBXFileReference section */
		2F94B6261AFD544000150632 /* SegueColorSample.app */ = {isa = PBXFileReference; explicitFileType = wrapper.application; includeInIndex = 0; path = SegueColorSample.app; sourceTree = BUILT_PRODUCTS_DIR; };
		2F94B62A1AFD544000150632 /* Info.plist */ = {isa = PBXFileReference; lastKnownFileType = text.plist.xml; path = Info.plist; sourceTree = "<group>"; };
		2F94B62B1AFD544000150632 /* AppDelegate.swift */ = {isa = PBXFileReference; lastKnownFileType = sourcecode.swift; path = AppDelegate.swift; sourceTree = "<group>"; };
		2F94B62D1AFD544000150632 /* ViewController.swift */ = {isa = PBXFileReference; lastKnownFileType = sourcecode.swift; path = ViewController.swift; sourceTree = "<group>"; };
		2F94B6301AFD544000150632 /* Base */ = {isa = PBXFileReference; lastKnownFileType = file.storyboard; name = Base; path = Base.lproj/Main.storyboard; sourceTree = "<group>"; };
		2F94B6321AFD544000150632 /* Images.xcassets */ = {isa = PBXFileReference; lastKnownFileType = folder.assetcatalog; path = Images.xcassets; sourceTree = "<group>"; };
		2F94B6351AFD544000150632 /* Base */ = {isa = PBXFileReference; lastKnownFileType = file.xib; name = Base; path = Base.lproj/LaunchScreen.xib; sourceTree = "<group>"; };
		2F94B63B1AFD544000150632 /* SegueColorSampleTests.xctest */ = {isa = PBXFileReference; explicitFileType = wrapper.cfbundle; includeInIndex = 0; path = SegueColorSampleTests.xctest; sourceTree = BUILT_PRODUCTS_DIR; };
		2F94B6401AFD544000150632 /* Info.plist */ = {isa = PBXFileReference; lastKnownFileType = text.plist.xml; path = Info.plist; sourceTree = "<group>"; };
		2F94B6411AFD544000150632 /* SegueColorSampleTests.swift */ = {isa = PBXFileReference; lastKnownFileType = sourcecode.swift; path = SegueColorSampleTests.swift; sourceTree = "<group>"; };
		2F94B64B1AFD551D00150632 /* ColorViewController.swift */ = {isa = PBXFileReference; fileEncoding = 4; lastKnownFileType = sourcecode.swift; path = ColorViewController.swift; sourceTree = "<group>"; };
/* End PBXFileReference section */

/* Begin PBXFrameworksBuildPhase section */
		2F94B6231AFD544000150632 /* Frameworks */ = {
			isa = PBXFrameworksBuildPhase;
			buildActionMask = 2147483647;
			files = (
			);
			runOnlyForDeploymentPostprocessing = 0;
		};
		2F94B6381AFD544000150632 /* Frameworks */ = {
			isa = PBXFrameworksBuildPhase;
			buildActionMask = 2147483647;
			files = (
			);
			runOnlyForDeploymentPostprocessing = 0;
		};
/* End PBXFrameworksBuildPhase section */

/* Begin PBXGroup section */
		2F94B61D1AFD544000150632 = {
			isa = PBXGroup;
			children = (
				2F94B6281AFD544000150632 /* SegueColorSample */,
				2F94B63E1AFD544000150632 /* SegueColorSampleTests */,
				2F94B6271AFD544000150632 /* Products */,
			);
			sourceTree = "<group>";
		};
		2F94B6271AFD544000150632 /* Products */ = {
			isa = PBXGroup;
			children = (
				2F94B6261AFD544000150632 /* SegueColorSample.app */,
				2F94B63B1AFD544000150632 /* SegueColorSampleTests.xctest */,
			);
			name = Products;
			sourceTree = "<group>";
		};
		2F94B6281AFD544000150632 /* SegueColorSample */ = {
			isa = PBXGroup;
			children = (
				2F94B62B1AFD544000150632 /* AppDelegate.swift */,
				2F94B62D1AFD544000150632 /* ViewController.swift */,
				2F94B64B1AFD551D00150632 /* ColorViewController.swift */,
				2F94B62F1AFD544000150632 /* Main.storyboard */,
				2F94B6321AFD544000150632 /* Images.xcassets */,
				2F94B6341AFD544000150632 /* LaunchScreen.xib */,
				2F94B6291AFD544000150632 /* Supporting Files */,
			);
			path = SegueColorSample;
			sourceTree = "<group>";
		};
		2F94B6291AFD544000150632 /* Supporting Files */ = {
			isa = PBXGroup;
			children = (
				2F94B62A1AFD544000150632 /* Info.plist */,
			);
			name = "Supporting Files";
			sourceTree = "<group>";
		};
		2F94B63E1AFD544000150632 /* SegueColorSampleTests */ = {
			isa = PBXGroup;
			children = (
				2F94B6411AFD544000150632 /* SegueColorSampleTests.swift */,
				2F94B63F1AFD544000150632 /* Supporting Files */,
			);
			path = SegueColorSampleTests;
			sourceTree = "<group>";
		};
		2F94B63F1AFD544000150632 /* Supporting Files */ = {
			isa = PBXGroup;
			children = (
				2F94B6401AFD544000150632 /* Info.plist */,
			);
			name = "Supporting Files";
			sourceTree = "<group>";
		};
/* End PBXGroup section */

/* Begin PBXNativeTarget section */
		2F94B6251AFD544000150632 /* SegueColorSample */ = {
			isa = PBXNativeTarget;
			buildConfigurationList = 2F94B6451AFD544000150632 /* Build configuration list for PBXNativeTarget "SegueColorSample" */;
			buildPhases = (
				2F94B6221AFD544000150632 /* Sources */,
				2F94B6231AFD544000150632 /* Frameworks */,
				2F94B6241AFD544000150632 /* Resources */,
			);
			buildRules = (
			);
			dependencies = (
			);
			name = SegueColorSample;
			productName = SegueColorSample;
			productReference = 2F94B6261AFD544000150632 /* SegueColorSample.app */;
			productType = "com.apple.product-type.application";
		};
		2F94B63A1AFD544000150632 /* SegueColorSampleTests */ = {
			isa = PBXNativeTarget;
			buildConfigurationList = 2F94B6481AFD544000150632 /* Build configuration list for PBXNativeTarget "SegueColorSampleTests" */;
			buildPhases = (
				2F94B6371AFD544000150632 /* Sources */,
				2F94B6381AFD544000150632 /* Frameworks */,
				2F94B6391AFD544000150632 /* Resources */,
			);
			buildRules = (
			);
			dependencies = (
				2F94B63D1AFD544000150632 /* PBXTargetDependency */,
			);
			name = SegueColorSampleTests;
			productName = SegueColorSampleTests;
			productReference = 2F94B63B1AFD544000150632 /* SegueColorSampleTests.xctest */;
			productType = "com.apple.product-type.bundle.unit-test";
		};
/* End PBXNativeTarget section */

/* Begin PBXProject section */
		2F94B61E1AFD544000150632 /* Project object */ = {
			isa = PBXProject;
			attributes = {
				LastUpgradeCheck = 0630;
				ORGANIZATIONNAME = "Lammert Westerhoff";
				TargetAttributes = {
					2F94B6251AFD544000150632 = {
						CreatedOnToolsVersion = 6.3.1;
					};
					2F94B63A1AFD544000150632 = {
						CreatedOnToolsVersion = 6.3.1;
						TestTargetID = 2F94B6251AFD544000150632;
					};
				};
			};
			buildConfigurationList = 2F94B6211AFD544000150632 /* Build configuration list for PBXProject "SegueColorSample" */;
			compatibilityVersion = "Xcode 3.2";
			developmentRegion = English;
			hasScannedForEncodings = 0;
			knownRegions = (
				en,
				Base,
			);
			mainGroup = 2F94B61D1AFD544000150632;
			productRefGroup = 2F94B6271AFD544000150632 /* Products */;
			projectDirPath = "";
			projectRoot = "";
			targets = (
				2F94B6251AFD544000150632 /* SegueColorSample */,
				2F94B63A1AFD544000150632 /* SegueColorSampleTests */,
			);
		};
/* End PBXProject section */

/* Begin PBXResourcesBuildPhase section */
		2F94B6241AFD544000150632 /* Resources */ = {
			isa = PBXResourcesBuildPhase;
			buildActionMask = 2147483647;
			files = (
				2F94B6311AFD544000150632 /* Main.storyboard in Resources */,
				2F94B6361AFD544000150632 /* LaunchScreen.xib in Resources */,
				2F94B6331AFD544000150632 /* Images.xcassets in Resources */,
			);
			runOnlyForDeploymentPostprocessing = 0;
		};
		2F94B6391AFD544000150632 /* Resources */ = {
			isa = PBXResourcesBuildPhase;
			buildActionMask = 2147483647;
			files = (
			);
			runOnlyForDeploymentPostprocessing = 0;
		};
/* End PBXResourcesBuildPhase section */

/* Begin PBXSourcesBuildPhase section */
		2F94B6221AFD544000150632 /* Sources */ = {
			isa = PBXSourcesBuildPhase;
			buildActionMask = 2147483647;
			files = (
				2F94B62E1AFD544000150632 /* ViewController.swift in Sources */,
				2F94B64C1AFD551D00150632 /* ColorViewController.swift in Sources */,
				2F94B62C1AFD544000150632 /* AppDelegate.swift in Sources */,
			);
			runOnlyForDeploymentPostprocessing = 0;
		};
		2F94B6371AFD544000150632 /* Sources */ = {
			isa = PBXSourcesBuildPhase;
			buildActionMask = 2147483647;
			files = (
				2F94B6421AFD544000150632 /* SegueColorSampleTests.swift in Sources */,
			);
			runOnlyForDeploymentPostprocessing = 0;
		};
/* End PBXSourcesBuildPhase section */

/* Begin PBXTargetDependency section */
		2F94B63D1AFD544000150632 /* PBXTargetDependency */ = {
			isa = PBXTargetDependency;
			target = 2F94B6251AFD544000150632 /* SegueColorSample */;
			targetProxy = 2F94B63C1AFD544000150632 /* PBXContainerItemProxy */;
		};
/* End PBXTargetDependency section */

/* Begin PBXVariantGroup section */
		2F94B62F1AFD544000150632 /* Main.storyboard */ = {
			isa = PBXVariantGroup;
			children = (
				2F94B6301AFD544000150632 /* Base */,
			);
			name = Main.storyboard;
			sourceTree = "<group>";
		};
		2F94B6341AFD544000150632 /* LaunchScreen.xib */ = {
			isa = PBXVariantGroup;
			children = (
				2F94B6351AFD544000150632 /* Base */,
			);
			name = LaunchScreen.xib;
			sourceTree = "<group>";
		};
/* End PBXVariantGroup section */

/* Begin XCBuildConfiguration section */
		2F94B6431AFD544000150632 /* Debug */ = {
			isa = XCBuildConfiguration;
			buildSettings = {
				ALWAYS_SEARCH_USER_PATHS = NO;
				CLANG_CXX_LANGUAGE_STANDARD = "gnu++0x";
				CLANG_CXX_LIBRARY = "libc++";
				CLANG_ENABLE_MODULES = YES;
				CLANG_ENABLE_OBJC_ARC = YES;
				CLANG_WARN_BOOL_CONVERSION = YES;
				CLANG_WARN_CONSTANT_CONVERSION = YES;
				CLANG_WARN_DIRECT_OBJC_ISA_USAGE = YES_ERROR;
				CLANG_WARN_EMPTY_BODY = YES;
				CLANG_WARN_ENUM_CONVERSION = YES;
				CLANG_WARN_INT_CONVERSION = YES;
				CLANG_WARN_OBJC_ROOT_CLASS = YES_ERROR;
				CLANG_WARN_UNREACHABLE_CODE = YES;
				CLANG_WARN__DUPLICATE_METHOD_MATCH = YES;
				"CODE_SIGN_IDENTITY[sdk=iphoneos*]" = "iPhone Developer";
				COPY_PHASE_STRIP = NO;
				DEBUG_INFORMATION_FORMAT = "dwarf-with-dsym";
				ENABLE_STRICT_OBJC_MSGSEND = YES;
				GCC_C_LANGUAGE_STANDARD = gnu99;
				GCC_DYNAMIC_NO_PIC = NO;
				GCC_NO_COMMON_BLOCKS = YES;
				GCC_OPTIMIZATION_LEVEL = 0;
				GCC_PREPROCESSOR_DEFINITIONS = (
					"DEBUG=1",
					"$(inherited)",
				);
				GCC_SYMBOLS_PRIVATE_EXTERN = NO;
				GCC_WARN_64_TO_32_BIT_CONVERSION = YES;
				GCC_WARN_ABOUT_RETURN_TYPE = YES_ERROR;
				GCC_WARN_UNDECLARED_SELECTOR = YES;
				GCC_WARN_UNINITIALIZED_AUTOS = YES_AGGRESSIVE;
				GCC_WARN_UNUSED_FUNCTION = YES;
				GCC_WARN_UNUSED_VARIABLE = YES;
				IPHONEOS_DEPLOYMENT_TARGET = 8.3;
				MTL_ENABLE_DEBUG_INFO = YES;
				ONLY_ACTIVE_ARCH = YES;
				SDKROOT = iphoneos;
				SWIFT_OPTIMIZATION_LEVEL = "-Onone";
			};
			name = Debug;
		};
		2F94B6441AFD544000150632 /* Release */ = {
			isa = XCBuildConfiguration;
			buildSettings = {
				ALWAYS_SEARCH_USER_PATHS = NO;
				CLANG_CXX_LANGUAGE_STANDARD = "gnu++0x";
				CLANG_CXX_LIBRARY = "libc++";
				CLANG_ENABLE_MODULES = YES;
				CLANG_ENABLE_OBJC_ARC = YES;
				CLANG_WARN_BOOL_CONVERSION = YES;
				CLANG_WARN_CONSTANT_CONVERSION = YES;
				CLANG_WARN_DIRECT_OBJC_ISA_USAGE = YES_ERROR;
				CLANG_WARN_EMPTY_BODY = YES;
				CLANG_WARN_ENUM_CONVERSION = YES;
				CLANG_WARN_INT_CONVERSION = YES;
				CLANG_WARN_OBJC_ROOT_CLASS = YES_ERROR;
				CLANG_WARN_UNREACHABLE_CODE = YES;
				CLANG_WARN__DUPLICATE_METHOD_MATCH = YES;
				"CODE_SIGN_IDENTITY[sdk=iphoneos*]" = "iPhone Developer";
				COPY_PHASE_STRIP = NO;
				DEBUG_INFORMATION_FORMAT = "dwarf-with-dsym";
				ENABLE_NS_ASSERTIONS = NO;
				ENABLE_STRICT_OBJC_MSGSEND = YES;
				GCC_C_LANGUAGE_STANDARD = gnu99;
				GCC_NO_COMMON_BLOCKS = YES;
				GCC_WARN_64_TO_32_BIT_CONVERSION = YES;
				GCC_WARN_ABOUT_RETURN_TYPE = YES_ERROR;
				GCC_WARN_UNDECLARED_SELECTOR = YES;
				GCC_WARN_UNINITIALIZED_AUTOS = YES_AGGRESSIVE;
				GCC_WARN_UNUSED_FUNCTION = YES;
				GCC_WARN_UNUSED_VARIABLE = YES;
				IPHONEOS_DEPLOYMENT_TARGET = 8.3;
				MTL_ENABLE_DEBUG_INFO = NO;
				SDKROOT = iphoneos;
				VALIDATE_PRODUCT = YES;
			};
			name = Release;
		};
		2F94B6461AFD544000150632 /* Debug */ = {
			isa = XCBuildConfiguration;
			buildSettings = {
				ASSETCATALOG_COMPILER_APPICON_NAME = AppIcon;
				INFOPLIST_FILE = SegueColorSample/Info.plist;
				LD_RUNPATH_SEARCH_PATHS = "$(inherited) @executable_path/Frameworks";
				PRODUCT_NAME = "$(TARGET_NAME)";
			};
			name = Debug;
		};
		2F94B6471AFD544000150632 /* Release */ = {
			isa = XCBuildConfiguration;
			buildSettings = {
				ASSETCATALOG_COMPILER_APPICON_NAME = AppIcon;
				INFOPLIST_FILE = SegueColorSample/Info.plist;
				LD_RUNPATH_SEARCH_PATHS = "$(inherited) @executable_path/Frameworks";
				PRODUCT_NAME = "$(TARGET_NAME)";
			};
			name = Release;
		};
		2F94B6491AFD544000150632 /* Debug */ = {
			isa = XCBuildConfiguration;
			buildSettings = {
				BUNDLE_LOADER = "$(TEST_HOST)";
				FRAMEWORK_SEARCH_PATHS = (
					"$(SDKROOT)/Developer/Library/Frameworks",
					"$(inherited)",
				);
				GCC_PREPROCESSOR_DEFINITIONS = (
					"DEBUG=1",
					"$(inherited)",
				);
				INFOPLIST_FILE = SegueColorSampleTests/Info.plist;
				LD_RUNPATH_SEARCH_PATHS = "$(inherited) @executable_path/Frameworks @loader_path/Frameworks";
				PRODUCT_NAME = "$(TARGET_NAME)";
				TEST_HOST = "$(BUILT_PRODUCTS_DIR)/SegueColorSample.app/SegueColorSample";
			};
			name = Debug;
		};
		2F94B64A1AFD544000150632 /* Release */ = {
			isa = XCBuildConfiguration;
			buildSettings = {
				BUNDLE_LOADER = "$(TEST_HOST)";
				FRAMEWORK_SEARCH_PATHS = (
					"$(SDKROOT)/Developer/Library/Frameworks",
					"$(inherited)",
				);
				INFOPLIST_FILE = SegueColorSampleTests/Info.plist;
				LD_RUNPATH_SEARCH_PATHS = "$(inherited) @executable_path/Frameworks @loader_path/Frameworks";
				PRODUCT_NAME = "$(TARGET_NAME)";
				TEST_HOST = "$(BUILT_PRODUCTS_DIR)/SegueColorSample.app/SegueColorSample";
			};
			name = Release;
		};
/* End XCBuildConfiguration section */

/* Begin XCConfigurationList section */
		2F94B6211AFD544000150632 /* Build configuration list for PBXProject "SegueColorSample" */ = {
			isa = XCConfigurationList;
			buildConfigurations = (
				2F94B6431AFD544000150632 /* Debug */,
				2F94B6441AFD544000150632 /* Release */,
			);
			defaultConfigurationIsVisible = 0;
			defaultConfigurationName = Release;
		};
		2F94B6451AFD544000150632 /* Build configuration list for PBXNativeTarget "SegueColorSample" */ = {
			isa = XCConfigurationList;
			buildConfigurations = (
				2F94B6461AFD544000150632 /* Debug */,
				2F94B6471AFD544000150632 /* Release */,
			);
			defaultConfigurationIsVisible = 0;
		};
		2F94B6481AFD544000150632 /* Build configuration list for PBXNativeTarget "SegueColorSampleTests" */ = {
			isa = XCConfigurationList;
			buildConfigurations = (
				2F94B6491AFD544000150632 /* Debug */,
				2F94B64A1AFD544000150632 /* Release */,
			);
			defaultConfigurationIsVisible = 0;
		};
/* End XCConfigurationList section */
	};
	rootObject = 2F94B61E1AFD544000150632 /* Project object */;
}
